// !$*UTF8*$!
{
	archiveVersion = 1;
	classes = {
	};
	objectVersion = 77;
	objects = {

/* Begin PBXBuildFile section */
		7CDD27502DD611830075BEE9 /* Assets.xcassets in Resources */ = {isa = PBXBuildFile; fileRef = 7CDD27472DD611830075BEE9 /* Assets.xcassets */; };
		7CDD27522DD611830075BEE9 /* LaunchScreen.storyboard in Resources */ = {isa = PBXBuildFile; fileRef = 7CDD274A2DD611830075BEE9 /* LaunchScreen.storyboard */; };
		7CDD27542DD611830075BEE9 /* AppDelegate.swift in Sources */ = {isa = PBXBuildFile; fileRef = 7CDD27462DD611830075BEE9 /* AppDelegate.swift */; };
		7CDD27552DD611830075BEE9 /* SceneDelegate.swift in Sources */ = {isa = PBXBuildFile; fileRef = 7CDD274D2DD611830075BEE9 /* SceneDelegate.swift */; };
		7CDD27562DD611830075BEE9 /* ViewController.swift in Sources */ = {isa = PBXBuildFile; fileRef = 7CDD274E2DD611830075BEE9 /* ViewController.swift */; };
		7CDD27582DD613CB0075BEE9 /* CollectionView.swift in Sources */ = {isa = PBXBuildFile; fileRef = 7CDD27572DD613CB0075BEE9 /* CollectionView.swift */; };
		7CDD275A2DD61BCC0075BEE9 /* Sections.swift in Sources */ = {isa = PBXBuildFile; fileRef = 7CDD27592DD61BBB0075BEE9 /* Sections.swift */; };
		7CDD275C2DD62C670075BEE9 /* HeaderCollectionViewCell.swift in Sources */ = {isa = PBXBuildFile; fileRef = 7CDD275B2DD62C670075BEE9 /* HeaderCollectionViewCell.swift */; };
		7CDD275E2DD631D60075BEE9 /* ViewUsersCell.swift in Sources */ = {isa = PBXBuildFile; fileRef = 7CDD275D2DD631D60075BEE9 /* ViewUsersCell.swift */; };
		7CDD27612DD634C40075BEE9 /* PinLayout in Frameworks */ = {isa = PBXBuildFile; productRef = 7CDD27602DD634C40075BEE9 /* PinLayout */; };
		7CDD27662DD6588D0075BEE9 /* IntervalCell.swift in Sources */ = {isa = PBXBuildFile; fileRef = 7CDD27652DD6588D0075BEE9 /* IntervalCell.swift */; };
		7CDD27682DD65D0F0075BEE9 /* Extensions+UICollectionViewCell.swift in Sources */ = {isa = PBXBuildFile; fileRef = 7CDD27672DD65D0F0075BEE9 /* Extensions+UICollectionViewCell.swift */; };
		7CDD276B2DD67CFC0075BEE9 /* SubUsersCell.swift in Sources */ = {isa = PBXBuildFile; fileRef = 7CDD276A2DD67CFC0075BEE9 /* SubUsersCell.swift */; };
		7CDD276D2DD713050075BEE9 /* FrequentVisitorsCell.swift in Sources */ = {isa = PBXBuildFile; fileRef = 7CDD276C2DD713050075BEE9 /* FrequentVisitorsCell.swift */; };
		7CDD27702DD7194A0075BEE9 /* Kingfisher in Frameworks */ = {isa = PBXBuildFile; productRef = 7CDD276F2DD7194A0075BEE9 /* Kingfisher */; };
		7CDD27722DD777C90075BEE9 /* ChartVisitorsCell.swift in Sources */ = {isa = PBXBuildFile; fileRef = 7CDD27712DD777C90075BEE9 /* ChartVisitorsCell.swift */; };
		7CDD27752DD77B6D0075BEE9 /* DGCharts in Frameworks */ = {isa = PBXBuildFile; productRef = 7CDD27742DD77B6D0075BEE9 /* DGCharts */; };
		7CDD27772DD8B6E10075BEE9 /* VisitorsAndStatisticsCell.swift in Sources */ = {isa = PBXBuildFile; fileRef = 7CDD27762DD8B6E10075BEE9 /* VisitorsAndStatisticsCell.swift */; };
		7CDD277A2DD8D22E0075BEE9 /* CircleView.swift in Sources */ = {isa = PBXBuildFile; fileRef = 7CDD27792DD8D22E0075BEE9 /* CircleView.swift */; };
		7CDD277C2DD8E8770075BEE9 /* TwoLinesView.swift in Sources */ = {isa = PBXBuildFile; fileRef = 7CDD277B2DD8E8770075BEE9 /* TwoLinesView.swift */; };
		7CDD277E2DD8E89C0075BEE9 /* LineView.swift in Sources */ = {isa = PBXBuildFile; fileRef = 7CDD277D2DD8E89C0075BEE9 /* LineView.swift */; };
		7CDD27812DD9FCAB0075BEE9 /* VisitorsAndStatisticsDataMapper.swift in Sources */ = {isa = PBXBuildFile; fileRef = 7CDD27802DD9FCAB0075BEE9 /* VisitorsAndStatisticsDataMapper.swift */; };
		7CDD27872DDA05FF0075BEE9 /* ViewControllerAssembly.swift in Sources */ = {isa = PBXBuildFile; fileRef = 7CDD27862DDA05FF0075BEE9 /* ViewControllerAssembly.swift */; };
		7CDD27A32DDA24840075BEE9 /* RxCocoa in Frameworks */ = {isa = PBXBuildFile; productRef = 7CDD27A22DDA24840075BEE9 /* RxCocoa */; };
		7CDD27A52DDA24840075BEE9 /* RxSwift in Frameworks */ = {isa = PBXBuildFile; productRef = 7CDD27A42DDA24840075BEE9 /* RxSwift */; };
		7CDD27AD2DDA32C60075BEE9 /* RealmSwift in Frameworks */ = {isa = PBXBuildFile; productRef = 7CDD27AC2DDA32C60075BEE9 /* RealmSwift */; };
		7CDD27FC2DDA3D140075BEE9 /* BusinessLogicFramework.framework in Frameworks */ = {isa = PBXBuildFile; fileRef = 7CDD27F62DDA3D140075BEE9 /* BusinessLogicFramework.framework */; };
		7CDD27FD2DDA3D140075BEE9 /* BusinessLogicFramework.framework in Embed Frameworks */ = {isa = PBXBuildFile; fileRef = 7CDD27F62DDA3D140075BEE9 /* BusinessLogicFramework.framework */; settings = {ATTRIBUTES = (CodeSignOnCopy, RemoveHeadersOnCopy, ); }; };
		7CDD28082DDA3D360075BEE9 /* RxSwift in Frameworks */ = {isa = PBXBuildFile; productRef = 7CDD28072DDA3D360075BEE9 /* RxSwift */; };
		7CDD280A2DDA3D400075BEE9 /* RxCocoa in Frameworks */ = {isa = PBXBuildFile; productRef = 7CDD28092DDA3D400075BEE9 /* RxCocoa */; };
		7CDD280C2DDA3D440075BEE9 /* RealmSwift in Frameworks */ = {isa = PBXBuildFile; productRef = 7CDD280B2DDA3D440075BEE9 /* RealmSwift */; };
		7CDD280D2DDA3D440075BEE9 /* RealmSwift in Embed Frameworks */ = {isa = PBXBuildFile; productRef = 7CDD280B2DDA3D440075BEE9 /* RealmSwift */; settings = {ATTRIBUTES = (CodeSignOnCopy, ); }; };
		7CDD281B2DDB2B1C0075BEE9 /* DateInterval.swift in Sources */ = {isa = PBXBuildFile; fileRef = 7CDD281A2DDB2B1C0075BEE9 /* DateInterval.swift */; };
		7CDD281C2DDB2B2C0075BEE9 /* DateInterval.swift in Sources */ = {isa = PBXBuildFile; fileRef = 7CDD281A2DDB2B1C0075BEE9 /* DateInterval.swift */; };
		7CDD281E2DDB30870075BEE9 /* Extensions+BusinessLogicFramework.swift in Sources */ = {isa = PBXBuildFile; fileRef = 7CDD281D2DDB30870075BEE9 /* Extensions+BusinessLogicFramework.swift */; };
/* End PBXBuildFile section */

/* Begin PBXContainerItemProxy section */
		7CDD27FA2DDA3D140075BEE9 /* PBXContainerItemProxy */ = {
			isa = PBXContainerItemProxy;
			containerPortal = 7CDD27262DD611470075BEE9 /* Project object */;
			proxyType = 1;
			remoteGlobalIDString = 7CDD27F52DDA3D140075BEE9;
			remoteInfo = BusinessLogicFramework;
		};
/* End PBXContainerItemProxy section */

/* Begin PBXCopyFilesBuildPhase section */
		7CDD27A02DDA13BA0075BEE9 /* Embed Frameworks */ = {
			isa = PBXCopyFilesBuildPhase;
			buildActionMask = 2147483647;
			dstPath = "";
			dstSubfolderSpec = 10;
			files = (
				7CDD27FD2DDA3D140075BEE9 /* BusinessLogicFramework.framework in Embed Frameworks */,
			);
			name = "Embed Frameworks";
			runOnlyForDeploymentPostprocessing = 0;
		};
		7CDD280E2DDA3D440075BEE9 /* Embed Frameworks */ = {
			isa = PBXCopyFilesBuildPhase;
			buildActionMask = 2147483647;
			dstPath = "";
			dstSubfolderSpec = 10;
			files = (
				7CDD280D2DDA3D440075BEE9 /* RealmSwift in Embed Frameworks */,
			);
			name = "Embed Frameworks";
			runOnlyForDeploymentPostprocessing = 0;
		};
/* End PBXCopyFilesBuildPhase section */

/* Begin PBXFileReference section */
		7CDD272E2DD611470075BEE9 /* MVC-Test-Proj-Rick-Masters.app */ = {isa = PBXFileReference; explicitFileType = wrapper.application; includeInIndex = 0; path = "MVC-Test-Proj-Rick-Masters.app"; sourceTree = BUILT_PRODUCTS_DIR; };
		7CDD27462DD611830075BEE9 /* AppDelegate.swift */ = {isa = PBXFileReference; lastKnownFileType = sourcecode.swift; path = AppDelegate.swift; sourceTree = "<group>"; };
		7CDD27472DD611830075BEE9 /* Assets.xcassets */ = {isa = PBXFileReference; lastKnownFileType = folder.assetcatalog; path = Assets.xcassets; sourceTree = "<group>"; };
		7CDD27482DD611830075BEE9 /* Info.plist */ = {isa = PBXFileReference; lastKnownFileType = text.plist.xml; path = Info.plist; sourceTree = "<group>"; };
		7CDD27492DD611830075BEE9 /* Base */ = {isa = PBXFileReference; lastKnownFileType = file.storyboard; name = Base; path = Base.lproj/LaunchScreen.storyboard; sourceTree = "<group>"; };
		7CDD274D2DD611830075BEE9 /* SceneDelegate.swift */ = {isa = PBXFileReference; lastKnownFileType = sourcecode.swift; path = SceneDelegate.swift; sourceTree = "<group>"; };
		7CDD274E2DD611830075BEE9 /* ViewController.swift */ = {isa = PBXFileReference; lastKnownFileType = sourcecode.swift; path = ViewController.swift; sourceTree = "<group>"; };
		7CDD27572DD613CB0075BEE9 /* CollectionView.swift */ = {isa = PBXFileReference; lastKnownFileType = sourcecode.swift; path = CollectionView.swift; sourceTree = "<group>"; };
		7CDD27592DD61BBB0075BEE9 /* Sections.swift */ = {isa = PBXFileReference; lastKnownFileType = sourcecode.swift; path = Sections.swift; sourceTree = "<group>"; };
		7CDD275B2DD62C670075BEE9 /* HeaderCollectionViewCell.swift */ = {isa = PBXFileReference; lastKnownFileType = sourcecode.swift; path = HeaderCollectionViewCell.swift; sourceTree = "<group>"; };
		7CDD275D2DD631D60075BEE9 /* ViewUsersCell.swift */ = {isa = PBXFileReference; lastKnownFileType = sourcecode.swift; path = ViewUsersCell.swift; sourceTree = "<group>"; };
		7CDD27652DD6588D0075BEE9 /* IntervalCell.swift */ = {isa = PBXFileReference; lastKnownFileType = sourcecode.swift; path = IntervalCell.swift; sourceTree = "<group>"; };
		7CDD27672DD65D0F0075BEE9 /* Extensions+UICollectionViewCell.swift */ = {isa = PBXFileReference; lastKnownFileType = sourcecode.swift; path = "Extensions+UICollectionViewCell.swift"; sourceTree = "<group>"; };
		7CDD276A2DD67CFC0075BEE9 /* SubUsersCell.swift */ = {isa = PBXFileReference; lastKnownFileType = sourcecode.swift; path = SubUsersCell.swift; sourceTree = "<group>"; };
		7CDD276C2DD713050075BEE9 /* FrequentVisitorsCell.swift */ = {isa = PBXFileReference; lastKnownFileType = sourcecode.swift; path = FrequentVisitorsCell.swift; sourceTree = "<group>"; };
		7CDD27712DD777C90075BEE9 /* ChartVisitorsCell.swift */ = {isa = PBXFileReference; lastKnownFileType = sourcecode.swift; path = ChartVisitorsCell.swift; sourceTree = "<group>"; };
		7CDD27762DD8B6E10075BEE9 /* VisitorsAndStatisticsCell.swift */ = {isa = PBXFileReference; lastKnownFileType = sourcecode.swift; path = VisitorsAndStatisticsCell.swift; sourceTree = "<group>"; };
		7CDD27792DD8D22E0075BEE9 /* CircleView.swift */ = {isa = PBXFileReference; lastKnownFileType = sourcecode.swift; path = CircleView.swift; sourceTree = "<group>"; };
		7CDD277B2DD8E8770075BEE9 /* TwoLinesView.swift */ = {isa = PBXFileReference; lastKnownFileType = sourcecode.swift; path = TwoLinesView.swift; sourceTree = "<group>"; };
		7CDD277D2DD8E89C0075BEE9 /* LineView.swift */ = {isa = PBXFileReference; lastKnownFileType = sourcecode.swift; path = LineView.swift; sourceTree = "<group>"; };
		7CDD27802DD9FCAB0075BEE9 /* VisitorsAndStatisticsDataMapper.swift */ = {isa = PBXFileReference; lastKnownFileType = sourcecode.swift; path = VisitorsAndStatisticsDataMapper.swift; sourceTree = "<group>"; };
		7CDD27862DDA05FF0075BEE9 /* ViewControllerAssembly.swift */ = {isa = PBXFileReference; lastKnownFileType = sourcecode.swift; path = ViewControllerAssembly.swift; sourceTree = "<group>"; };
		7CDD27F62DDA3D140075BEE9 /* BusinessLogicFramework.framework */ = {isa = PBXFileReference; explicitFileType = wrapper.framework; includeInIndex = 0; path = BusinessLogicFramework.framework; sourceTree = BUILT_PRODUCTS_DIR; };
		7CDD281A2DDB2B1C0075BEE9 /* DateInterval.swift */ = {isa = PBXFileReference; lastKnownFileType = sourcecode.swift; path = DateInterval.swift; sourceTree = "<group>"; };
		7CDD281D2DDB30870075BEE9 /* Extensions+BusinessLogicFramework.swift */ = {isa = PBXFileReference; lastKnownFileType = sourcecode.swift; path = "Extensions+BusinessLogicFramework.swift"; sourceTree = "<group>"; };
/* End PBXFileReference section */

/* Begin PBXFileSystemSynchronizedBuildFileExceptionSet section */
		7CDD27FE2DDA3D140075BEE9 /* Exceptions for "BusinessLogicFramework" folder in "BusinessLogicFramework" target */ = {
			isa = PBXFileSystemSynchronizedBuildFileExceptionSet;
			publicHeaders = (
				BusinessLogicFramework.h,
			);
			target = 7CDD27F52DDA3D140075BEE9 /* BusinessLogicFramework */;
		};
/* End PBXFileSystemSynchronizedBuildFileExceptionSet section */

/* Begin PBXFileSystemSynchronizedRootGroup section */
		7CDD27F72DDA3D140075BEE9 /* BusinessLogicFramework */ = {
			isa = PBXFileSystemSynchronizedRootGroup;
			exceptions = (
				7CDD27FE2DDA3D140075BEE9 /* Exceptions for "BusinessLogicFramework" folder in "BusinessLogicFramework" target */,
			);
			path = BusinessLogicFramework;
			sourceTree = "<group>";
		};
/* End PBXFileSystemSynchronizedRootGroup section */

/* Begin PBXFrameworksBuildPhase section */
		7CDD272B2DD611470075BEE9 /* Frameworks */ = {
			isa = PBXFrameworksBuildPhase;
			buildActionMask = 2147483647;
			files = (
				7CDD27AD2DDA32C60075BEE9 /* RealmSwift in Frameworks */,
				7CDD27702DD7194A0075BEE9 /* Kingfisher in Frameworks */,
				7CDD27752DD77B6D0075BEE9 /* DGCharts in Frameworks */,
				7CDD27FC2DDA3D140075BEE9 /* BusinessLogicFramework.framework in Frameworks */,
				7CDD27A52DDA24840075BEE9 /* RxSwift in Frameworks */,
				7CDD27A32DDA24840075BEE9 /* RxCocoa in Frameworks */,
				7CDD27612DD634C40075BEE9 /* PinLayout in Frameworks */,
			);
			runOnlyForDeploymentPostprocessing = 0;
		};
		7CDD27F32DDA3D140075BEE9 /* Frameworks */ = {
			isa = PBXFrameworksBuildPhase;
			buildActionMask = 2147483647;
			files = (
				7CDD280C2DDA3D440075BEE9 /* RealmSwift in Frameworks */,
				7CDD280A2DDA3D400075BEE9 /* RxCocoa in Frameworks */,
				7CDD28082DDA3D360075BEE9 /* RxSwift in Frameworks */,
			);
			runOnlyForDeploymentPostprocessing = 0;
		};
/* End PBXFrameworksBuildPhase section */

/* Begin PBXGroup section */
		7CDD27252DD611470075BEE9 = {
			isa = PBXGroup;
			children = (
				7CDD274F2DD611830075BEE9 /* MVC-Test-Proj-Rick-Masters */,
				7CDD27F72DDA3D140075BEE9 /* BusinessLogicFramework */,
				7CDD28062DDA3D360075BEE9 /* Frameworks */,
				7CDD272F2DD611470075BEE9 /* Products */,
			);
			sourceTree = "<group>";
		};
		7CDD272F2DD611470075BEE9 /* Products */ = {
			isa = PBXGroup;
			children = (
				7CDD272E2DD611470075BEE9 /* MVC-Test-Proj-Rick-Masters.app */,
				7CDD27F62DDA3D140075BEE9 /* BusinessLogicFramework.framework */,
			);
			name = Products;
			sourceTree = "<group>";
		};
		7CDD274F2DD611830075BEE9 /* MVC-Test-Proj-Rick-Masters */ = {
			isa = PBXGroup;
			children = (
				7CDD27822DDA04490075BEE9 /* App */,
				7CDD27842DDA04B00075BEE9 /* Screens */,
				7CDD27852DDA04C70075BEE9 /* CustomViews */,
				7CDD277F2DD9FC8E0075BEE9 /* DataMappers */,
				7CDD27692DD662EE0075BEE9 /* Extensions */,
				7CDD27832DDA04640075BEE9 /* Resources */,
			);
			path = "MVC-Test-Proj-Rick-Masters";
			sourceTree = "<group>";
		};
		7CDD27622DD658380075BEE9 /* Collection */ = {
			isa = PBXGroup;
			children = (
				7CDD27632DD6584E0075BEE9 /* Cells */,
				7CDD27572DD613CB0075BEE9 /* CollectionView.swift */,
				7CDD281A2DDB2B1C0075BEE9 /* DateInterval.swift */,
				7CDD27592DD61BBB0075BEE9 /* Sections.swift */,
			);
			path = Collection;
			sourceTree = "<group>";
		};
		7CDD27632DD6584E0075BEE9 /* Cells */ = {
			isa = PBXGroup;
			children = (
				7CDD27782DD8D2110075BEE9 /* Custom Views */,
				7CDD275D2DD631D60075BEE9 /* ViewUsersCell.swift */,
				7CDD275B2DD62C670075BEE9 /* HeaderCollectionViewCell.swift */,
				7CDD27652DD6588D0075BEE9 /* IntervalCell.swift */,
				7CDD276A2DD67CFC0075BEE9 /* SubUsersCell.swift */,
				7CDD276C2DD713050075BEE9 /* FrequentVisitorsCell.swift */,
				7CDD27712DD777C90075BEE9 /* ChartVisitorsCell.swift */,
				7CDD27762DD8B6E10075BEE9 /* VisitorsAndStatisticsCell.swift */,
			);
			path = Cells;
			sourceTree = "<group>";
		};
		7CDD27692DD662EE0075BEE9 /* Extensions */ = {
			isa = PBXGroup;
			children = (
				7CDD27672DD65D0F0075BEE9 /* Extensions+UICollectionViewCell.swift */,
				7CDD281D2DDB30870075BEE9 /* Extensions+BusinessLogicFramework.swift */,
			);
			path = Extensions;
			sourceTree = "<group>";
		};
		7CDD27782DD8D2110075BEE9 /* Custom Views */ = {
			isa = PBXGroup;
			children = (
				7CDD27792DD8D22E0075BEE9 /* CircleView.swift */,
				7CDD277B2DD8E8770075BEE9 /* TwoLinesView.swift */,
				7CDD277D2DD8E89C0075BEE9 /* LineView.swift */,
			);
			path = "Custom Views";
			sourceTree = "<group>";
		};
		7CDD277F2DD9FC8E0075BEE9 /* DataMappers */ = {
			isa = PBXGroup;
			children = (
				7CDD27802DD9FCAB0075BEE9 /* VisitorsAndStatisticsDataMapper.swift */,
			);
			path = DataMappers;
			sourceTree = "<group>";
		};
		7CDD27822DDA04490075BEE9 /* App */ = {
			isa = PBXGroup;
			children = (
				7CDD274D2DD611830075BEE9 /* SceneDelegate.swift */,
				7CDD27462DD611830075BEE9 /* AppDelegate.swift */,
			);
			path = App;
			sourceTree = "<group>";
		};
		7CDD27832DDA04640075BEE9 /* Resources */ = {
			isa = PBXGroup;
			children = (
				7CDD274A2DD611830075BEE9 /* LaunchScreen.storyboard */,
				7CDD27482DD611830075BEE9 /* Info.plist */,
				7CDD27472DD611830075BEE9 /* Assets.xcassets */,
			);
			path = Resources;
			sourceTree = "<group>";
		};
		7CDD27842DDA04B00075BEE9 /* Screens */ = {
			isa = PBXGroup;
			children = (
				7CDD274E2DD611830075BEE9 /* ViewController.swift */,
				7CDD27862DDA05FF0075BEE9 /* ViewControllerAssembly.swift */,
			);
			path = Screens;
			sourceTree = "<group>";
		};
		7CDD27852DDA04C70075BEE9 /* CustomViews */ = {
			isa = PBXGroup;
			children = (
				7CDD27622DD658380075BEE9 /* Collection */,
			);
			path = CustomViews;
			sourceTree = "<group>";
		};
		7CDD28062DDA3D360075BEE9 /* Frameworks */ = {
			isa = PBXGroup;
			children = (
			);
			name = Frameworks;
			sourceTree = "<group>";
		};
/* End PBXGroup section */

/* Begin PBXHeadersBuildPhase section */
		7CDD27F12DDA3D140075BEE9 /* Headers */ = {
			isa = PBXHeadersBuildPhase;
			buildActionMask = 2147483647;
			files = (
			);
			runOnlyForDeploymentPostprocessing = 0;
		};
/* End PBXHeadersBuildPhase section */

/* Begin PBXNativeTarget section */
		7CDD272D2DD611470075BEE9 /* MVC-Test-Proj-Rick-Masters */ = {
			isa = PBXNativeTarget;
			buildConfigurationList = 7CDD27412DD611490075BEE9 /* Build configuration list for PBXNativeTarget "MVC-Test-Proj-Rick-Masters" */;
			buildPhases = (
				7CDD272A2DD611470075BEE9 /* Sources */,
				7CDD272B2DD611470075BEE9 /* Frameworks */,
				7CDD272C2DD611470075BEE9 /* Resources */,
				7CDD27A02DDA13BA0075BEE9 /* Embed Frameworks */,
			);
			buildRules = (
			);
			dependencies = (
				7CDD27FB2DDA3D140075BEE9 /* PBXTargetDependency */,
			);
			name = "MVC-Test-Proj-Rick-Masters";
			packageProductDependencies = (
				7CDD27602DD634C40075BEE9 /* PinLayout */,
				7CDD276F2DD7194A0075BEE9 /* Kingfisher */,
				7CDD27742DD77B6D0075BEE9 /* DGCharts */,
				7CDD27A22DDA24840075BEE9 /* RxCocoa */,
				7CDD27A42DDA24840075BEE9 /* RxSwift */,
				7CDD27AC2DDA32C60075BEE9 /* RealmSwift */,
			);
			productName = "MVC-Test-Proj-Rick-Masters";
			productReference = 7CDD272E2DD611470075BEE9 /* MVC-Test-Proj-Rick-Masters.app */;
			productType = "com.apple.product-type.application";
		};
		7CDD27F52DDA3D140075BEE9 /* BusinessLogicFramework */ = {
			isa = PBXNativeTarget;
			buildConfigurationList = 7CDD27FF2DDA3D140075BEE9 /* Build configuration list for PBXNativeTarget "BusinessLogicFramework" */;
			buildPhases = (
				7CDD27F12DDA3D140075BEE9 /* Headers */,
				7CDD27F22DDA3D140075BEE9 /* Sources */,
				7CDD27F32DDA3D140075BEE9 /* Frameworks */,
				7CDD27F42DDA3D140075BEE9 /* Resources */,
				7CDD280E2DDA3D440075BEE9 /* Embed Frameworks */,
			);
			buildRules = (
			);
			dependencies = (
			);
			fileSystemSynchronizedGroups = (
				7CDD27F72DDA3D140075BEE9 /* BusinessLogicFramework */,
			);
			name = BusinessLogicFramework;
			packageProductDependencies = (
				7CDD28072DDA3D360075BEE9 /* RxSwift */,
				7CDD28092DDA3D400075BEE9 /* RxCocoa */,
				7CDD280B2DDA3D440075BEE9 /* RealmSwift */,
			);
			productName = BusinessLogicFramework;
			productReference = 7CDD27F62DDA3D140075BEE9 /* BusinessLogicFramework.framework */;
			productType = "com.apple.product-type.framework";
		};
/* End PBXNativeTarget section */

/* Begin PBXProject section */
		7CDD27262DD611470075BEE9 /* Project object */ = {
			isa = PBXProject;
			attributes = {
				BuildIndependentTargetsInParallel = 1;
				LastSwiftUpdateCheck = 1620;
				LastUpgradeCheck = 1620;
				TargetAttributes = {
					7CDD272D2DD611470075BEE9 = {
						CreatedOnToolsVersion = 16.2;
					};
					7CDD27F52DDA3D140075BEE9 = {
						CreatedOnToolsVersion = 16.2;
						LastSwiftMigration = 1620;
					};
				};
			};
			buildConfigurationList = 7CDD27292DD611470075BEE9 /* Build configuration list for PBXProject "MVC-Test-Proj-Rick-Masters" */;
			developmentRegion = en;
			hasScannedForEncodings = 0;
			knownRegions = (
				en,
				Base,
			);
			mainGroup = 7CDD27252DD611470075BEE9;
			minimizedProjectReferenceProxies = 1;
			packageReferences = (
				7CDD275F2DD634C40075BEE9 /* XCRemoteSwiftPackageReference "PinLayout" */,
				7CDD276E2DD7194A0075BEE9 /* XCRemoteSwiftPackageReference "Kingfisher" */,
				7CDD27732DD77B6D0075BEE9 /* XCRemoteSwiftPackageReference "Charts" */,
				7CDD27A12DDA24840075BEE9 /* XCRemoteSwiftPackageReference "RxSwift" */,
				7CDD27AB2DDA32C60075BEE9 /* XCRemoteSwiftPackageReference "realm-swift" */,
			);
			preferredProjectObjectVersion = 77;
			productRefGroup = 7CDD272F2DD611470075BEE9 /* Products */;
			projectDirPath = "";
			projectRoot = "";
			targets = (
				7CDD272D2DD611470075BEE9 /* MVC-Test-Proj-Rick-Masters */,
				7CDD27F52DDA3D140075BEE9 /* BusinessLogicFramework */,
			);
		};
/* End PBXProject section */

/* Begin PBXResourcesBuildPhase section */
		7CDD272C2DD611470075BEE9 /* Resources */ = {
			isa = PBXResourcesBuildPhase;
			buildActionMask = 2147483647;
			files = (
				7CDD27502DD611830075BEE9 /* Assets.xcassets in Resources */,
				7CDD27522DD611830075BEE9 /* LaunchScreen.storyboard in Resources */,
			);
			runOnlyForDeploymentPostprocessing = 0;
		};
		7CDD27F42DDA3D140075BEE9 /* Resources */ = {
			isa = PBXResourcesBuildPhase;
			buildActionMask = 2147483647;
			files = (
			);
			runOnlyForDeploymentPostprocessing = 0;
		};
/* End PBXResourcesBuildPhase section */

/* Begin PBXSourcesBuildPhase section */
		7CDD272A2DD611470075BEE9 /* Sources */ = {
			isa = PBXSourcesBuildPhase;
			buildActionMask = 2147483647;
			files = (
				7CDD276D2DD713050075BEE9 /* FrequentVisitorsCell.swift in Sources */,
				7CDD27772DD8B6E10075BEE9 /* VisitorsAndStatisticsCell.swift in Sources */,
				7CDD27872DDA05FF0075BEE9 /* ViewControllerAssembly.swift in Sources */,
				7CDD275E2DD631D60075BEE9 /* ViewUsersCell.swift in Sources */,
				7CDD27682DD65D0F0075BEE9 /* Extensions+UICollectionViewCell.swift in Sources */,
				7CDD281E2DDB30870075BEE9 /* Extensions+BusinessLogicFramework.swift in Sources */,
				7CDD275A2DD61BCC0075BEE9 /* Sections.swift in Sources */,
				7CDD276B2DD67CFC0075BEE9 /* SubUsersCell.swift in Sources */,
				7CDD27662DD6588D0075BEE9 /* IntervalCell.swift in Sources */,
				7CDD27542DD611830075BEE9 /* AppDelegate.swift in Sources */,
				7CDD27552DD611830075BEE9 /* SceneDelegate.swift in Sources */,
				7CDD277C2DD8E8770075BEE9 /* TwoLinesView.swift in Sources */,
				7CDD27812DD9FCAB0075BEE9 /* VisitorsAndStatisticsDataMapper.swift in Sources */,
				7CDD275C2DD62C670075BEE9 /* HeaderCollectionViewCell.swift in Sources */,
				7CDD27582DD613CB0075BEE9 /* CollectionView.swift in Sources */,
				7CDD277E2DD8E89C0075BEE9 /* LineView.swift in Sources */,
				7CDD27562DD611830075BEE9 /* ViewController.swift in Sources */,
				7CDD277A2DD8D22E0075BEE9 /* CircleView.swift in Sources */,
				7CDD27722DD777C90075BEE9 /* ChartVisitorsCell.swift in Sources */,
				7CDD281B2DDB2B1C0075BEE9 /* DateInterval.swift in Sources */,
			);
			runOnlyForDeploymentPostprocessing = 0;
		};
		7CDD27F22DDA3D140075BEE9 /* Sources */ = {
			isa = PBXSourcesBuildPhase;
			buildActionMask = 2147483647;
			files = (
				7CDD281C2DDB2B2C0075BEE9 /* DateInterval.swift in Sources */,
			);
			runOnlyForDeploymentPostprocessing = 0;
		};
/* End PBXSourcesBuildPhase section */

/* Begin PBXTargetDependency section */
		7CDD27FB2DDA3D140075BEE9 /* PBXTargetDependency */ = {
			isa = PBXTargetDependency;
			target = 7CDD27F52DDA3D140075BEE9 /* BusinessLogicFramework */;
			targetProxy = 7CDD27FA2DDA3D140075BEE9 /* PBXContainerItemProxy */;
		};
/* End PBXTargetDependency section */

/* Begin PBXVariantGroup section */
		7CDD274A2DD611830075BEE9 /* LaunchScreen.storyboard */ = {
			isa = PBXVariantGroup;
			children = (
				7CDD27492DD611830075BEE9 /* Base */,
			);
			name = LaunchScreen.storyboard;
			sourceTree = "<group>";
		};
/* End PBXVariantGroup section */

/* Begin XCBuildConfiguration section */
		7CDD27422DD611490075BEE9 /* Debug */ = {
			isa = XCBuildConfiguration;
			buildSettings = {
				ASSETCATALOG_COMPILER_APPICON_NAME = AppIcon;
				ASSETCATALOG_COMPILER_GLOBAL_ACCENT_COLOR_NAME = AccentColor;
				CODE_SIGN_STYLE = Automatic;
				CURRENT_PROJECT_VERSION = 1;
				DEVELOPMENT_TEAM = YFP38JZYYX;
				GENERATE_INFOPLIST_FILE = YES;
				INFOPLIST_FILE = "MVC-Test-Proj-Rick-Masters/Resources/Info.plist";
				INFOPLIST_KEY_UIApplicationSupportsIndirectInputEvents = YES;
				INFOPLIST_KEY_UILaunchStoryboardName = LaunchScreen;
				INFOPLIST_KEY_UISupportedInterfaceOrientations_iPad = "UIInterfaceOrientationPortrait UIInterfaceOrientationPortraitUpsideDown UIInterfaceOrientationLandscapeLeft UIInterfaceOrientationLandscapeRight";
				INFOPLIST_KEY_UISupportedInterfaceOrientations_iPhone = "UIInterfaceOrientationPortrait UIInterfaceOrientationLandscapeLeft UIInterfaceOrientationLandscapeRight";
				LD_RUNPATH_SEARCH_PATHS = (
					"$(inherited)",
					"@executable_path/Frameworks",
				);
				MARKETING_VERSION = 1.0;
				PRODUCT_BUNDLE_IDENTIFIER = "com.ruslanKoslov.MVC-Test-Proj-Rick-Masters";
				PRODUCT_NAME = "$(TARGET_NAME)";
				SWIFT_EMIT_LOC_STRINGS = YES;
				SWIFT_VERSION = 5.0;
				TARGETED_DEVICE_FAMILY = "1,2";
			};
			name = Debug;
		};
		7CDD27432DD611490075BEE9 /* Release */ = {
			isa = XCBuildConfiguration;
			buildSettings = {
				ASSETCATALOG_COMPILER_APPICON_NAME = AppIcon;
				ASSETCATALOG_COMPILER_GLOBAL_ACCENT_COLOR_NAME = AccentColor;
				CODE_SIGN_STYLE = Automatic;
				CURRENT_PROJECT_VERSION = 1;
				DEVELOPMENT_TEAM = YFP38JZYYX;
				GENERATE_INFOPLIST_FILE = YES;
				INFOPLIST_FILE = "MVC-Test-Proj-Rick-Masters/Resources/Info.plist";
				INFOPLIST_KEY_UIApplicationSupportsIndirectInputEvents = YES;
				INFOPLIST_KEY_UILaunchStoryboardName = LaunchScreen;
				INFOPLIST_KEY_UISupportedInterfaceOrientations_iPad = "UIInterfaceOrientationPortrait UIInterfaceOrientationPortraitUpsideDown UIInterfaceOrientationLandscapeLeft UIInterfaceOrientationLandscapeRight";
				INFOPLIST_KEY_UISupportedInterfaceOrientations_iPhone = "UIInterfaceOrientationPortrait UIInterfaceOrientationLandscapeLeft UIInterfaceOrientationLandscapeRight";
				LD_RUNPATH_SEARCH_PATHS = (
					"$(inherited)",
					"@executable_path/Frameworks",
				);
				MARKETING_VERSION = 1.0;
				PRODUCT_BUNDLE_IDENTIFIER = "com.ruslanKoslov.MVC-Test-Proj-Rick-Masters";
				PRODUCT_NAME = "$(TARGET_NAME)";
				SWIFT_EMIT_LOC_STRINGS = YES;
				SWIFT_VERSION = 5.0;
				TARGETED_DEVICE_FAMILY = "1,2";
			};
			name = Release;
		};
		7CDD27442DD611490075BEE9 /* Debug */ = {
			isa = XCBuildConfiguration;
			buildSettings = {
				ALWAYS_SEARCH_USER_PATHS = NO;
				ASSETCATALOG_COMPILER_GENERATE_SWIFT_ASSET_SYMBOL_EXTENSIONS = YES;
				CLANG_ANALYZER_NONNULL = YES;
				CLANG_ANALYZER_NUMBER_OBJECT_CONVERSION = YES_AGGRESSIVE;
				CLANG_CXX_LANGUAGE_STANDARD = "gnu++20";
				CLANG_ENABLE_MODULES = YES;
				CLANG_ENABLE_OBJC_ARC = YES;
				CLANG_ENABLE_OBJC_WEAK = YES;
				CLANG_WARN_BLOCK_CAPTURE_AUTORELEASING = YES;
				CLANG_WARN_BOOL_CONVERSION = YES;
				CLANG_WARN_COMMA = YES;
				CLANG_WARN_CONSTANT_CONVERSION = YES;
				CLANG_WARN_DEPRECATED_OBJC_IMPLEMENTATIONS = YES;
				CLANG_WARN_DIRECT_OBJC_ISA_USAGE = YES_ERROR;
				CLANG_WARN_DOCUMENTATION_COMMENTS = YES;
				CLANG_WARN_EMPTY_BODY = YES;
				CLANG_WARN_ENUM_CONVERSION = YES;
				CLANG_WARN_INFINITE_RECURSION = YES;
				CLANG_WARN_INT_CONVERSION = YES;
				CLANG_WARN_NON_LITERAL_NULL_CONVERSION = YES;
				CLANG_WARN_OBJC_IMPLICIT_RETAIN_SELF = YES;
				CLANG_WARN_OBJC_LITERAL_CONVERSION = YES;
				CLANG_WARN_OBJC_ROOT_CLASS = YES_ERROR;
				CLANG_WARN_QUOTED_INCLUDE_IN_FRAMEWORK_HEADER = YES;
				CLANG_WARN_RANGE_LOOP_ANALYSIS = YES;
				CLANG_WARN_STRICT_PROTOTYPES = YES;
				CLANG_WARN_SUSPICIOUS_MOVE = YES;
				CLANG_WARN_UNGUARDED_AVAILABILITY = YES_AGGRESSIVE;
				CLANG_WARN_UNREACHABLE_CODE = YES;
				CLANG_WARN__DUPLICATE_METHOD_MATCH = YES;
				COPY_PHASE_STRIP = NO;
				DEBUG_INFORMATION_FORMAT = dwarf;
				ENABLE_STRICT_OBJC_MSGSEND = YES;
				ENABLE_TESTABILITY = YES;
				ENABLE_USER_SCRIPT_SANDBOXING = YES;
				GCC_C_LANGUAGE_STANDARD = gnu17;
				GCC_DYNAMIC_NO_PIC = NO;
				GCC_NO_COMMON_BLOCKS = YES;
				GCC_OPTIMIZATION_LEVEL = 0;
				GCC_PREPROCESSOR_DEFINITIONS = (
					"DEBUG=1",
					"$(inherited)",
				);
				GCC_WARN_64_TO_32_BIT_CONVERSION = YES;
				GCC_WARN_ABOUT_RETURN_TYPE = YES_ERROR;
				GCC_WARN_UNDECLARED_SELECTOR = YES;
				GCC_WARN_UNINITIALIZED_AUTOS = YES_AGGRESSIVE;
				GCC_WARN_UNUSED_FUNCTION = YES;
				GCC_WARN_UNUSED_VARIABLE = YES;
				IPHONEOS_DEPLOYMENT_TARGET = 18.2;
				LOCALIZATION_PREFERS_STRING_CATALOGS = YES;
				MTL_ENABLE_DEBUG_INFO = INCLUDE_SOURCE;
				MTL_FAST_MATH = YES;
				ONLY_ACTIVE_ARCH = YES;
				SDKROOT = iphoneos;
				SWIFT_ACTIVE_COMPILATION_CONDITIONS = "DEBUG $(inherited)";
				SWIFT_OPTIMIZATION_LEVEL = "-Onone";
			};
			name = Debug;
		};
		7CDD27452DD611490075BEE9 /* Release */ = {
			isa = XCBuildConfiguration;
			buildSettings = {
				ALWAYS_SEARCH_USER_PATHS = NO;
				ASSETCATALOG_COMPILER_GENERATE_SWIFT_ASSET_SYMBOL_EXTENSIONS = YES;
				CLANG_ANALYZER_NONNULL = YES;
				CLANG_ANALYZER_NUMBER_OBJECT_CONVERSION = YES_AGGRESSIVE;
				CLANG_CXX_LANGUAGE_STANDARD = "gnu++20";
				CLANG_ENABLE_MODULES = YES;
				CLANG_ENABLE_OBJC_ARC = YES;
				CLANG_ENABLE_OBJC_WEAK = YES;
				CLANG_WARN_BLOCK_CAPTURE_AUTORELEASING = YES;
				CLANG_WARN_BOOL_CONVERSION = YES;
				CLANG_WARN_COMMA = YES;
				CLANG_WARN_CONSTANT_CONVERSION = YES;
				CLANG_WARN_DEPRECATED_OBJC_IMPLEMENTATIONS = YES;
				CLANG_WARN_DIRECT_OBJC_ISA_USAGE = YES_ERROR;
				CLANG_WARN_DOCUMENTATION_COMMENTS = YES;
				CLANG_WARN_EMPTY_BODY = YES;
				CLANG_WARN_ENUM_CONVERSION = YES;
				CLANG_WARN_INFINITE_RECURSION = YES;
				CLANG_WARN_INT_CONVERSION = YES;
				CLANG_WARN_NON_LITERAL_NULL_CONVERSION = YES;
				CLANG_WARN_OBJC_IMPLICIT_RETAIN_SELF = YES;
				CLANG_WARN_OBJC_LITERAL_CONVERSION = YES;
				CLANG_WARN_OBJC_ROOT_CLASS = YES_ERROR;
				CLANG_WARN_QUOTED_INCLUDE_IN_FRAMEWORK_HEADER = YES;
				CLANG_WARN_RANGE_LOOP_ANALYSIS = YES;
				CLANG_WARN_STRICT_PROTOTYPES = YES;
				CLANG_WARN_SUSPICIOUS_MOVE = YES;
				CLANG_WARN_UNGUARDED_AVAILABILITY = YES_AGGRESSIVE;
				CLANG_WARN_UNREACHABLE_CODE = YES;
				CLANG_WARN__DUPLICATE_METHOD_MATCH = YES;
				COPY_PHASE_STRIP = NO;
				DEBUG_INFORMATION_FORMAT = "dwarf-with-dsym";
				ENABLE_NS_ASSERTIONS = NO;
				ENABLE_STRICT_OBJC_MSGSEND = YES;
				ENABLE_USER_SCRIPT_SANDBOXING = YES;
				GCC_C_LANGUAGE_STANDARD = gnu17;
				GCC_NO_COMMON_BLOCKS = YES;
				GCC_WARN_64_TO_32_BIT_CONVERSION = YES;
				GCC_WARN_ABOUT_RETURN_TYPE = YES_ERROR;
				GCC_WARN_UNDECLARED_SELECTOR = YES;
				GCC_WARN_UNINITIALIZED_AUTOS = YES_AGGRESSIVE;
				GCC_WARN_UNUSED_FUNCTION = YES;
				GCC_WARN_UNUSED_VARIABLE = YES;
				IPHONEOS_DEPLOYMENT_TARGET = 18.2;
				LOCALIZATION_PREFERS_STRING_CATALOGS = YES;
				MTL_ENABLE_DEBUG_INFO = NO;
				MTL_FAST_MATH = YES;
				SDKROOT = iphoneos;
				SWIFT_COMPILATION_MODE = wholemodule;
				VALIDATE_PRODUCT = YES;
			};
			name = Release;
		};
		7CDD28002DDA3D140075BEE9 /* Debug */ = {
			isa = XCBuildConfiguration;
			buildSettings = {
				BUILD_LIBRARY_FOR_DISTRIBUTION = NO;
				CLANG_ENABLE_MODULES = YES;
				CODE_SIGN_STYLE = Automatic;
				CURRENT_PROJECT_VERSION = 1;
				DEFINES_MODULE = YES;
				DEVELOPMENT_TEAM = YFP38JZYYX;
				DYLIB_COMPATIBILITY_VERSION = 1;
				DYLIB_CURRENT_VERSION = 1;
				DYLIB_INSTALL_NAME_BASE = "@rpath";
				ENABLE_MODULE_VERIFIER = YES;
				GENERATE_INFOPLIST_FILE = YES;
				INFOPLIST_KEY_NSHumanReadableCopyright = "";
				INSTALL_PATH = "$(LOCAL_LIBRARY_DIR)/Frameworks";
				LD_RUNPATH_SEARCH_PATHS = (
					"$(inherited)",
					"@executable_path/Frameworks",
					"@loader_path/Frameworks",
				);
				MARKETING_VERSION = 1.0;
				MODULE_VERIFIER_SUPPORTED_LANGUAGES = "objective-c objective-c++";
				MODULE_VERIFIER_SUPPORTED_LANGUAGE_STANDARDS = "gnu17 gnu++20";
				PRODUCT_BUNDLE_IDENTIFIER = com.ruslanKoslov.BusinessLogicFramework;
				PRODUCT_NAME = "$(TARGET_NAME:c99extidentifier)";
				SKIP_INSTALL = YES;
				SWIFT_EMIT_LOC_STRINGS = YES;
				SWIFT_INSTALL_OBJC_HEADER = NO;
				SWIFT_OPTIMIZATION_LEVEL = "-Onone";
				SWIFT_VERSION = 5.0;
				TARGETED_DEVICE_FAMILY = "1,2";
				VERSIONING_SYSTEM = "apple-generic";
				VERSION_INFO_PREFIX = "";
			};
			name = Debug;
		};
		7CDD28012DDA3D140075BEE9 /* Release */ = {
			isa = XCBuildConfiguration;
			buildSettings = {
				BUILD_LIBRARY_FOR_DISTRIBUTION = NO;
				CLANG_ENABLE_MODULES = YES;
				CODE_SIGN_STYLE = Automatic;
				CURRENT_PROJECT_VERSION = 1;
				DEFINES_MODULE = YES;
				DEVELOPMENT_TEAM = YFP38JZYYX;
				DYLIB_COMPATIBILITY_VERSION = 1;
				DYLIB_CURRENT_VERSION = 1;
				DYLIB_INSTALL_NAME_BASE = "@rpath";
				ENABLE_MODULE_VERIFIER = YES;
				GENERATE_INFOPLIST_FILE = YES;
				INFOPLIST_KEY_NSHumanReadableCopyright = "";
				INSTALL_PATH = "$(LOCAL_LIBRARY_DIR)/Frameworks";
				LD_RUNPATH_SEARCH_PATHS = (
					"$(inherited)",
					"@executable_path/Frameworks",
					"@loader_path/Frameworks",
				);
				MARKETING_VERSION = 1.0;
				MODULE_VERIFIER_SUPPORTED_LANGUAGES = "objective-c objective-c++";
				MODULE_VERIFIER_SUPPORTED_LANGUAGE_STANDARDS = "gnu17 gnu++20";
				PRODUCT_BUNDLE_IDENTIFIER = com.ruslanKoslov.BusinessLogicFramework;
				PRODUCT_NAME = "$(TARGET_NAME:c99extidentifier)";
				SKIP_INSTALL = YES;
				SWIFT_EMIT_LOC_STRINGS = YES;
				SWIFT_INSTALL_OBJC_HEADER = NO;
				SWIFT_VERSION = 5.0;
				TARGETED_DEVICE_FAMILY = "1,2";
				VERSIONING_SYSTEM = "apple-generic";
				VERSION_INFO_PREFIX = "";
			};
			name = Release;
		};
/* End XCBuildConfiguration section */

/* Begin XCConfigurationList section */
		7CDD27292DD611470075BEE9 /* Build configuration list for PBXProject "MVC-Test-Proj-Rick-Masters" */ = {
			isa = XCConfigurationList;
			buildConfigurations = (
				7CDD27442DD611490075BEE9 /* Debug */,
				7CDD27452DD611490075BEE9 /* Release */,
			);
			defaultConfigurationIsVisible = 0;
			defaultConfigurationName = Release;
		};
		7CDD27412DD611490075BEE9 /* Build configuration list for PBXNativeTarget "MVC-Test-Proj-Rick-Masters" */ = {
			isa = XCConfigurationList;
			buildConfigurations = (
				7CDD27422DD611490075BEE9 /* Debug */,
				7CDD27432DD611490075BEE9 /* Release */,
			);
			defaultConfigurationIsVisible = 0;
			defaultConfigurationName = Release;
		};
		7CDD27FF2DDA3D140075BEE9 /* Build configuration list for PBXNativeTarget "BusinessLogicFramework" */ = {
			isa = XCConfigurationList;
			buildConfigurations = (
				7CDD28002DDA3D140075BEE9 /* Debug */,
				7CDD28012DDA3D140075BEE9 /* Release */,
			);
			defaultConfigurationIsVisible = 0;
			defaultConfigurationName = Release;
		};
/* End XCConfigurationList section */

/* Begin XCRemoteSwiftPackageReference section */
		7CDD275F2DD634C40075BEE9 /* XCRemoteSwiftPackageReference "PinLayout" */ = {
			isa = XCRemoteSwiftPackageReference;
			repositoryURL = "https://github.com/layoutBox/PinLayout";
			requirement = {
				kind = upToNextMajorVersion;
				minimumVersion = 1.10.5;
			};
		};
		7CDD276E2DD7194A0075BEE9 /* XCRemoteSwiftPackageReference "Kingfisher" */ = {
			isa = XCRemoteSwiftPackageReference;
			repositoryURL = "https://github.com/onevcat/Kingfisher";
			requirement = {
				kind = upToNextMajorVersion;
				minimumVersion = 8.3.2;
			};
		};
		7CDD27732DD77B6D0075BEE9 /* XCRemoteSwiftPackageReference "Charts" */ = {
			isa = XCRemoteSwiftPackageReference;
			repositoryURL = "https://github.com/danielgindi/Charts.git";
			requirement = {
				kind = upToNextMajorVersion;
				minimumVersion = 5.1.0;
			};
		};
		7CDD27A12DDA24840075BEE9 /* XCRemoteSwiftPackageReference "RxSwift" */ = {
			isa = XCRemoteSwiftPackageReference;
			repositoryURL = "https://github.com/ReactiveX/RxSwift.git";
			requirement = {
				kind = upToNextMajorVersion;
				minimumVersion = 6.9.0;
			};
		};
		7CDD27AB2DDA32C60075BEE9 /* XCRemoteSwiftPackageReference "realm-swift" */ = {
			isa = XCRemoteSwiftPackageReference;
			repositoryURL = "https://github.com/realm/realm-swift.git";
			requirement = {
				branch = master;
				kind = branch;
			};
		};
/* End XCRemoteSwiftPackageReference section */

/* Begin XCSwiftPackageProductDependency section */
		7CDD27602DD634C40075BEE9 /* PinLayout */ = {
			isa = XCSwiftPackageProductDependency;
			package = 7CDD275F2DD634C40075BEE9 /* XCRemoteSwiftPackageReference "PinLayout" */;
			productName = PinLayout;
		};
		7CDD276F2DD7194A0075BEE9 /* Kingfisher */ = {
			isa = XCSwiftPackageProductDependency;
			package = 7CDD276E2DD7194A0075BEE9 /* XCRemoteSwiftPackageReference "Kingfisher" */;
			productName = Kingfisher;
		};
		7CDD27742DD77B6D0075BEE9 /* DGCharts */ = {
			isa = XCSwiftPackageProductDependency;
			package = 7CDD27732DD77B6D0075BEE9 /* XCRemoteSwiftPackageReference "Charts" */;
			productName = DGCharts;
		};
		7CDD27A22DDA24840075BEE9 /* RxCocoa */ = {
			isa = XCSwiftPackageProductDependency;
			package = 7CDD27A12DDA24840075BEE9 /* XCRemoteSwiftPackageReference "RxSwift" */;
			productName = RxCocoa;
		};
		7CDD27A42DDA24840075BEE9 /* RxSwift */ = {
			isa = XCSwiftPackageProductDependency;
			package = 7CDD27A12DDA24840075BEE9 /* XCRemoteSwiftPackageReference "RxSwift" */;
			productName = RxSwift;
		};
		7CDD27AC2DDA32C60075BEE9 /* RealmSwift */ = {
			isa = XCSwiftPackageProductDependency;
			package = 7CDD27AB2DDA32C60075BEE9 /* XCRemoteSwiftPackageReference "realm-swift" */;
			productName = RealmSwift;
		};
		7CDD28072DDA3D360075BEE9 /* RxSwift */ = {
			isa = XCSwiftPackageProductDependency;
			package = 7CDD27A12DDA24840075BEE9 /* XCRemoteSwiftPackageReference "RxSwift" */;
			productName = RxSwift;
		};
		7CDD28092DDA3D400075BEE9 /* RxCocoa */ = {
			isa = XCSwiftPackageProductDependency;
			package = 7CDD27A12DDA24840075BEE9 /* XCRemoteSwiftPackageReference "RxSwift" */;
			productName = RxCocoa;
		};
		7CDD280B2DDA3D440075BEE9 /* RealmSwift */ = {
			isa = XCSwiftPackageProductDependency;
			package = 7CDD27AB2DDA32C60075BEE9 /* XCRemoteSwiftPackageReference "realm-swift" */;
			productName = RealmSwift;
		};
/* End XCSwiftPackageProductDependency section */
	};
	rootObject = 7CDD27262DD611470075BEE9 /* Project object */;
}
